// !$*UTF8*$!
{
	archiveVersion = 1;
	classes = {
	};
	objectVersion = 77;
	objects = {

/* Begin PBXBuildFile section */
		4F997BFF2FE68EF400C0ED96 /* ShatlAppIcon.icon in Resources */ = {isa = PBXBuildFile; fileRef = 4F997BFE2FE68EF400C0ED96 /* ShatlAppIcon.icon */; };
		4F997C002FE68EF400C0ED96 /* ShatlAppIcon.icon in Resources */ = {isa = PBXBuildFile; fileRef = 4F997BFE2FE68EF400C0ED96 /* ShatlAppIcon.icon */; };
		4FAF09453016745D001EB98E /* ShatlAppIconConcept.icon in Resources */ = {isa = PBXBuildFile; fileRef = 4FAF09443016745D001EB98E /* ShatlAppIconConcept.icon */; };
		4FAF09463016745D001EB98E /* ShatlAppIconConcept.icon in Resources */ = {isa = PBXBuildFile; fileRef = 4FAF09443016745D001EB98E /* ShatlAppIconConcept.icon */; };
		4FF6C5BE2F72FAAA0008033E /* Localizable.strings in Sources */ = {isa = PBXBuildFile; fileRef = 4FF6C5BD2F72FAAA0008033E /* Localizable.strings */; };
		50B000012FF0000000000001 /* Sparkle in Frameworks */ = {isa = PBXBuildFile; productRef = 50B000032FF0000000000003 /* Sparkle */; };
/* End PBXBuildFile section */

/* Begin PBXContainerItemProxy section */
		50A0A001B4B3130000AAA001 /* PBXContainerItemProxy */ = {
			isa = PBXContainerItemProxy;
			containerPortal = 4FBD3B6C2F5EA8CF000486BA /* Project object */;
			proxyType = 1;
			remoteGlobalIDString = 4FBD3B732F5EA8CF000486BA;
			remoteInfo = Shatl;
		};
/* End PBXContainerItemProxy section */

/* Begin PBXFileReference section */
		4F1F71AB2F79837E00EB7B05 /* Shatl-Info.plist */ = {isa = PBXFileReference; lastKnownFileType = text.plist; path = "Shatl-Info.plist"; sourceTree = "<group>"; };
		4F997BFE2FE68EF400C0ED96 /* ShatlAppIcon.icon */ = {isa = PBXFileReference; lastKnownFileType = folder.iconcomposer.icon; path = ShatlAppIcon.icon; sourceTree = "<group>"; };
		4FAF09443016745D001EB98E /* ShatlAppIconConcept.icon */ = {isa = PBXFileReference; lastKnownFileType = folder.iconcomposer.icon; path = ShatlAppIconConcept.icon; sourceTree = "<group>"; };
		4FBD3B742F5EA8CF000486BA /* Shatl.app */ = {isa = PBXFileReference; explicitFileType = wrapper.application; includeInIndex = 0; path = Shatl.app; sourceTree = BUILT_PRODUCTS_DIR; };
		4FF6C5BC2F72FAAA0008033E /* en */ = {isa = PBXFileReference; lastKnownFileType = text.plist.strings; name = en; path = en.lproj/Localizable.strings; sourceTree = "<group>"; };
		4FF6C5BF2F72FAB30008033E /* zh-Hans */ = {isa = PBXFileReference; lastKnownFileType = text.plist.strings; name = "zh-Hans"; path = "zh-Hans.lproj/Localizable.strings"; sourceTree = "<group>"; };
		4FF6C5C02F72FAB40008033E /* fr */ = {isa = PBXFileReference; lastKnownFileType = text.plist.strings; name = fr; path = fr.lproj/Localizable.strings; sourceTree = "<group>"; };
		4FF6C5C12F72FAB60008033E /* de */ = {isa = PBXFileReference; lastKnownFileType = text.plist.strings; name = de; path = de.lproj/Localizable.strings; sourceTree = "<group>"; };
		4FF6C5C22F72FAB70008033E /* ja */ = {isa = PBXFileReference; lastKnownFileType = text.plist.strings; name = ja; path = ja.lproj/Localizable.strings; sourceTree = "<group>"; };
		4FF6C5C32F72FAB80008033E /* ru */ = {isa = PBXFileReference; lastKnownFileType = text.plist.strings; name = ru; path = ru.lproj/Localizable.strings; sourceTree = "<group>"; };
		4FF6C5C42F72FABA0008033E /* es */ = {isa = PBXFileReference; lastKnownFileType = text.plist.strings; name = es; path = es.lproj/Localizable.strings; sourceTree = "<group>"; };
		50A0A001B4B3130000AAA002 /* ShatlTests.xctest */ = {isa = PBXFileReference; explicitFileType = wrapper.cfbundle; includeInIndex = 0; path = ShatlTests.xctest; sourceTree = BUILT_PRODUCTS_DIR; };
/* End PBXFileReference section */

/* Begin PBXFileSystemSynchronizedRootGroup section */
		4FBD3B822F5EA94B000486BA /* App */ = {
			isa = PBXFileSystemSynchronizedRootGroup;
			path = App;
			sourceTree = "<group>";
		};
		50A0A001B4B3130000AAA003 /* Tests */ = {
			isa = PBXFileSystemSynchronizedRootGroup;
			path = Tests;
			sourceTree = "<group>";
		};
/* End PBXFileSystemSynchronizedRootGroup section */

/* Begin PBXFrameworksBuildPhase section */
		4FBD3B712F5EA8CF000486BA /* Frameworks */ = {
			isa = PBXFrameworksBuildPhase;
			buildActionMask = 2147483647;
			files = (
				50B000012FF0000000000001 /* Sparkle in Frameworks */,
			);
			runOnlyForDeploymentPostprocessing = 0;
		};
		50A0A001B4B3130000AAA004 /* Frameworks */ = {
			isa = PBXFrameworksBuildPhase;
			buildActionMask = 2147483647;
			files = (
			);
			runOnlyForDeploymentPostprocessing = 0;
		};
/* End PBXFrameworksBuildPhase section */

/* Begin PBXGroup section */
		4FBD3B6B2F5EA8CF000486BA = {
			isa = PBXGroup;
			children = (
				4F997BFE2FE68EF400C0ED96 /* ShatlAppIcon.icon */,
				4FAF09443016745D001EB98E /* ShatlAppIconConcept.icon */,
				4F1F71AB2F79837E00EB7B05 /* Shatl-Info.plist */,
				4FF6C5BD2F72FAAA0008033E /* Localizable.strings */,
				4FBD3B822F5EA94B000486BA /* App */,
				50A0A001B4B3130000AAA003 /* Tests */,
				4FBD3BD12F5ECF32000486BA /* Frameworks */,
				4FBD3B752F5EA8CF000486BA /* Products */,
			);
			sourceTree = "<group>";
		};
		4FBD3B752F5EA8CF000486BA /* Products */ = {
			isa = PBXGroup;
			children = (
				4FBD3B742F5EA8CF000486BA /* Shatl.app */,
				50A0A001B4B3130000AAA002 /* ShatlTests.xctest */,
			);
			name = Products;
			sourceTree = "<group>";
		};
		4FBD3BD12F5ECF32000486BA /* Frameworks */ = {
			isa = PBXGroup;
			children = (
			);
			name = Frameworks;
			sourceTree = "<group>";
		};
/* End PBXGroup section */

/* Begin PBXNativeTarget section */
		4FBD3B732F5EA8CF000486BA /* Shatl */ = {
			isa = PBXNativeTarget;
			buildConfigurationList = 4FBD3B7F2F5EA8D0000486BA /* Build configuration list for PBXNativeTarget "Shatl" */;
			buildPhases = (
				4FBD3B702F5EA8CF000486BA /* Sources */,
				4FBD3B712F5EA8CF000486BA /* Frameworks */,
				4FBD3B722F5EA8CF000486BA /* Resources */,
			);
			buildRules = (
			);
			dependencies = (
			);
			fileSystemSynchronizedGroups = (
				4FBD3B822F5EA94B000486BA /* App */,
			);
			name = Shatl;
			packageProductDependencies = (
				50B000032FF0000000000003 /* Sparkle */,
			);
			productName = Shatl;
			productReference = 4FBD3B742F5EA8CF000486BA /* Shatl.app */;
			productType = "com.apple.product-type.application";
		};
		50A0A001B4B3130000AAA005 /* ShatlTests */ = {
			isa = PBXNativeTarget;
			buildConfigurationList = 50A0A001B4B3130000AAA00B /* Build configuration list for PBXNativeTarget "ShatlTests" */;
			buildPhases = (
				50A0A001B4B3130000AAA006 /* Sources */,
				50A0A001B4B3130000AAA004 /* Frameworks */,
				50A0A001B4B3130000AAA007 /* Resources */,
			);
			buildRules = (
			);
			dependencies = (
				50A0A001B4B3130000AAA008 /* PBXTargetDependency */,
			);
			fileSystemSynchronizedGroups = (
				50A0A001B4B3130000AAA003 /* Tests */,
			);
			name = ShatlTests;
			packageProductDependencies = (
			);
			productName = ShatlTests;
			productReference = 50A0A001B4B3130000AAA002 /* ShatlTests.xctest */;
			productType = "com.apple.product-type.bundle.unit-test";
		};
/* End PBXNativeTarget section */

/* Begin PBXProject section */
		4FBD3B6C2F5EA8CF000486BA /* Project object */ = {
			isa = PBXProject;
			attributes = {
				BuildIndependentTargetsInParallel = 1;
				LastSwiftUpdateCheck = 2630;
				LastUpgradeCheck = 2640;
				TargetAttributes = {
					4FBD3B732F5EA8CF000486BA = {
						CreatedOnToolsVersion = 26.3;
					};
					50A0A001B4B3130000AAA005 = {
						CreatedOnToolsVersion = 26.3;
						TestTargetID = 4FBD3B732F5EA8CF000486BA;
					};
				};
			};
			buildConfigurationList = 4FBD3B6F2F5EA8CF000486BA /* Build configuration list for PBXProject "Shatl" */;
			developmentRegion = en;
			hasScannedForEncodings = 0;
			knownRegions = (
				en,
				Base,
				ru,
				"zh-Hans",
				es,
				de,
				fr,
				ja,
			);
			mainGroup = 4FBD3B6B2F5EA8CF000486BA;
			minimizedProjectReferenceProxies = 1;
			packageReferences = (
				50B000022FF0000000000002 /* XCRemoteSwiftPackageReference "Sparkle" */,
			);
			preferredProjectObjectVersion = 77;
			productRefGroup = 4FBD3B752F5EA8CF000486BA /* Products */;
			projectDirPath = "";
			projectRoot = "";
			targets = (
				4FBD3B732F5EA8CF000486BA /* Shatl */,
				50A0A001B4B3130000AAA005 /* ShatlTests */,
			);
		};
/* End PBXProject section */

/* Begin PBXResourcesBuildPhase section */
		4FBD3B722F5EA8CF000486BA /* Resources */ = {
			isa = PBXResourcesBuildPhase;
			buildActionMask = 2147483647;
			files = (
				4FAF09453016745D001EB98E /* ShatlAppIconConcept.icon in Resources */,
				4F997C002FE68EF400C0ED96 /* ShatlAppIcon.icon in Resources */,
			);
			runOnlyForDeploymentPostprocessing = 0;
		};
		50A0A001B4B3130000AAA007 /* Resources */ = {
			isa = PBXResourcesBuildPhase;
			buildActionMask = 2147483647;
			files = (
				4FAF09463016745D001EB98E /* ShatlAppIconConcept.icon in Resources */,
				4F997BFF2FE68EF400C0ED96 /* ShatlAppIcon.icon in Resources */,
			);
			runOnlyForDeploymentPostprocessing = 0;
		};
/* End PBXResourcesBuildPhase section */

/* Begin PBXSourcesBuildPhase section */
		4FBD3B702F5EA8CF000486BA /* Sources */ = {
			isa = PBXSourcesBuildPhase;
			buildActionMask = 2147483647;
			files = (
				4FF6C5BE2F72FAAA0008033E /* Localizable.strings in Sources */,
			);
			runOnlyForDeploymentPostprocessing = 0;
		};
		50A0A001B4B3130000AAA006 /* Sources */ = {
			isa = PBXSourcesBuildPhase;
			buildActionMask = 2147483647;
			files = (
			);
			runOnlyForDeploymentPostprocessing = 0;
		};
/* End PBXSourcesBuildPhase section */

/* Begin PBXTargetDependency section */
		50A0A001B4B3130000AAA008 /* PBXTargetDependency */ = {
			isa = PBXTargetDependency;
			target = 4FBD3B732F5EA8CF000486BA /* Shatl */;
			targetProxy = 50A0A001B4B3130000AAA001 /* PBXContainerItemProxy */;
		};
/* End PBXTargetDependency section */

/* Begin PBXVariantGroup section */
		4FF6C5BD2F72FAAA0008033E /* Localizable.strings */ = {
			isa = PBXVariantGroup;
			children = (
				4FF6C5BC2F72FAAA0008033E /* en */,
				4FF6C5BF2F72FAB30008033E /* zh-Hans */,
				4FF6C5C02F72FAB40008033E /* fr */,
				4FF6C5C12F72FAB60008033E /* de */,
				4FF6C5C22F72FAB70008033E /* ja */,
				4FF6C5C32F72FAB80008033E /* ru */,
				4FF6C5C42F72FABA0008033E /* es */,
			);
			name = Localizable.strings;
			sourceTree = "<group>";
		};
/* End PBXVariantGroup section */

/* Begin XCBuildConfiguration section */
		4FBD3B7D2F5EA8D0000486BA /* Debug */ = {
			isa = XCBuildConfiguration;
			buildSettings = {
				ALWAYS_SEARCH_USER_PATHS = NO;
				ASSETCATALOG_COMPILER_GENERATE_SWIFT_ASSET_SYMBOL_EXTENSIONS = YES;
				CLANG_ANALYZER_LOCALIZABILITY_NONLOCALIZED = YES;
				CLANG_ANALYZER_NONNULL = YES;
				CLANG_ANALYZER_NUMBER_OBJECT_CONVERSION = YES_AGGRESSIVE;
				CLANG_CXX_LANGUAGE_STANDARD = "gnu++20";
				CLANG_ENABLE_MODULES = YES;
				CLANG_ENABLE_OBJC_ARC = YES;
				CLANG_ENABLE_OBJC_WEAK = YES;
				CLANG_WARN_BLOCK_CAPTURE_AUTORELEASING = YES;
				CLANG_WARN_BOOL_CONVERSION = YES;
				CLANG_WARN_COMMA = YES;
				CLANG_WARN_CONSTANT_CONVERSION = YES;
				CLANG_WARN_DEPRECATED_OBJC_IMPLEMENTATIONS = YES;
				CLANG_WARN_DIRECT_OBJC_ISA_USAGE = YES_ERROR;
				CLANG_WARN_DOCUMENTATION_COMMENTS = YES;
				CLANG_WARN_EMPTY_BODY = YES;
				CLANG_WARN_ENUM_CONVERSION = YES;
				CLANG_WARN_INFINITE_RECURSION = YES;
				CLANG_WARN_INT_CONVERSION = YES;
				CLANG_WARN_NON_LITERAL_NULL_CONVERSION = YES;
				CLANG_WARN_OBJC_IMPLICIT_RETAIN_SELF = YES;
				CLANG_WARN_OBJC_LITERAL_CONVERSION = YES;
				CLANG_WARN_OBJC_ROOT_CLASS = YES_ERROR;
				CLANG_WARN_QUOTED_INCLUDE_IN_FRAMEWORK_HEADER = YES;
				CLANG_WARN_RANGE_LOOP_ANALYSIS = YES;
				CLANG_WARN_STRICT_PROTOTYPES = YES;
				CLANG_WARN_SUSPICIOUS_MOVE = YES;
				CLANG_WARN_UNGUARDED_AVAILABILITY = YES_AGGRESSIVE;
				CLANG_WARN_UNREACHABLE_CODE = YES;
				CLANG_WARN__DUPLICATE_METHOD_MATCH = YES;
				COPY_PHASE_STRIP = NO;
				DEAD_CODE_STRIPPING = YES;
				DEBUG_INFORMATION_FORMAT = dwarf;
				ENABLE_STRICT_OBJC_MSGSEND = YES;
				ENABLE_TESTABILITY = YES;
				ENABLE_USER_SCRIPT_SANDBOXING = YES;
				GCC_C_LANGUAGE_STANDARD = gnu17;
				GCC_DYNAMIC_NO_PIC = NO;
				GCC_NO_COMMON_BLOCKS = YES;
				GCC_OPTIMIZATION_LEVEL = 0;
				GCC_PREPROCESSOR_DEFINITIONS = (
					"DEBUG=1",
					"$(inherited)",
				);
				GCC_WARN_64_TO_32_BIT_CONVERSION = YES;
				GCC_WARN_ABOUT_RETURN_TYPE = YES_ERROR;
				GCC_WARN_UNDECLARED_SELECTOR = YES;
				GCC_WARN_UNINITIALIZED_AUTOS = YES_AGGRESSIVE;
				GCC_WARN_UNUSED_FUNCTION = YES;
				GCC_WARN_UNUSED_VARIABLE = YES;
				LOCALIZATION_PREFERS_STRING_CATALOGS = YES;
				MACOSX_DEPLOYMENT_TARGET = 26.0;
				MTL_ENABLE_DEBUG_INFO = INCLUDE_SOURCE;
				MTL_FAST_MATH = YES;
				ONLY_ACTIVE_ARCH = YES;
				SDKROOT = macosx;
				STRING_CATALOG_GENERATE_SYMBOLS = YES;
				SWIFT_ACTIVE_COMPILATION_CONDITIONS = "DEBUG $(inherited)";
				SWIFT_OPTIMIZATION_LEVEL = "-Onone";
			};
			name = Debug;
		};
		4FBD3B7E2F5EA8D0000486BA /* Release */ = {
			isa = XCBuildConfiguration;
			buildSettings = {
				ALWAYS_SEARCH_USER_PATHS = NO;
				ASSETCATALOG_COMPILER_GENERATE_SWIFT_ASSET_SYMBOL_EXTENSIONS = YES;
				CLANG_ANALYZER_LOCALIZABILITY_NONLOCALIZED = YES;
				CLANG_ANALYZER_NONNULL = YES;
				CLANG_ANALYZER_NUMBER_OBJECT_CONVERSION = YES_AGGRESSIVE;
				CLANG_CXX_LANGUAGE_STANDARD = "gnu++20";
				CLANG_ENABLE_MODULES = YES;
				CLANG_ENABLE_OBJC_ARC = YES;
				CLANG_ENABLE_OBJC_WEAK = YES;
				CLANG_WARN_BLOCK_CAPTURE_AUTORELEASING = YES;
				CLANG_WARN_BOOL_CONVERSION = YES;
				CLANG_WARN_COMMA = YES;
				CLANG_WARN_CONSTANT_CONVERSION = YES;
				CLANG_WARN_DEPRECATED_OBJC_IMPLEMENTATIONS = YES;
				CLANG_WARN_DIRECT_OBJC_ISA_USAGE = YES_ERROR;
				CLANG_WARN_DOCUMENTATION_COMMENTS = YES;
				CLANG_WARN_EMPTY_BODY = YES;
				CLANG_WARN_ENUM_CONVERSION = YES;
				CLANG_WARN_INFINITE_RECURSION = YES;
				CLANG_WARN_INT_CONVERSION = YES;
				CLANG_WARN_NON_LITERAL_NULL_CONVERSION = YES;
				CLANG_WARN_OBJC_IMPLICIT_RETAIN_SELF = YES;
				CLANG_WARN_OBJC_LITERAL_CONVERSION = YES;
				CLANG_WARN_OBJC_ROOT_CLASS = YES_ERROR;
				CLANG_WARN_QUOTED_INCLUDE_IN_FRAMEWORK_HEADER = YES;
				CLANG_WARN_RANGE_LOOP_ANALYSIS = YES;
				CLANG_WARN_STRICT_PROTOTYPES = YES;
				CLANG_WARN_SUSPICIOUS_MOVE = YES;
				CLANG_WARN_UNGUARDED_AVAILABILITY = YES_AGGRESSIVE;
				CLANG_WARN_UNREACHABLE_CODE = YES;
				CLANG_WARN__DUPLICATE_METHOD_MATCH = YES;
				COPY_PHASE_STRIP = NO;
				DEAD_CODE_STRIPPING = YES;
				DEBUG_INFORMATION_FORMAT = "dwarf-with-dsym";
				ENABLE_NS_ASSERTIONS = NO;
				ENABLE_STRICT_OBJC_MSGSEND = YES;
				ENABLE_USER_SCRIPT_SANDBOXING = YES;
				GCC_C_LANGUAGE_STANDARD = gnu17;
				GCC_NO_COMMON_BLOCKS = YES;
				GCC_WARN_64_TO_32_BIT_CONVERSION = YES;
				GCC_WARN_ABOUT_RETURN_TYPE = YES_ERROR;
				GCC_WARN_UNDECLARED_SELECTOR = YES;
				GCC_WARN_UNINITIALIZED_AUTOS = YES_AGGRESSIVE;
				GCC_WARN_UNUSED_FUNCTION = YES;
				GCC_WARN_UNUSED_VARIABLE = YES;
				LOCALIZATION_PREFERS_STRING_CATALOGS = YES;
				MACOSX_DEPLOYMENT_TARGET = 26.0;
				MTL_ENABLE_DEBUG_INFO = NO;
				MTL_FAST_MATH = YES;
				SDKROOT = macosx;
				STRING_CATALOG_GENERATE_SYMBOLS = YES;
				SWIFT_COMPILATION_MODE = wholemodule;
			};
			name = Release;
		};
		4FBD3B802F5EA8D0000486BA /* Debug */ = {
			isa = XCBuildConfiguration;
			buildSettings = {
				ARCHS = arm64;
				ASSETCATALOG_COMPILER_APPICON_NAME = ShatlAppIcon;
				ASSETCATALOG_COMPILER_GLOBAL_ACCENT_COLOR_NAME = AccentColor;
				ASSETCATALOG_COMPILER_INCLUDE_ALL_APPICON_ASSETS = YES;
				"CODE_SIGN_IDENTITY[sdk=macosx*]" = "-";
				CODE_SIGN_STYLE = Automatic;
				COMBINE_HIDPI_IMAGES = YES;
				CURRENT_PROJECT_VERSION = 1;
				DEAD_CODE_STRIPPING = YES;
				ENABLE_APP_SANDBOX = NO;
				ENABLE_FILE_ACCESS_DOWNLOADS_FOLDER = readwrite;
				ENABLE_INCOMING_NETWORK_CONNECTIONS = YES;
				ENABLE_OUTGOING_NETWORK_CONNECTIONS = YES;
				ENABLE_PREVIEWS = YES;
				ENABLE_RESOURCE_ACCESS_AUDIO_INPUT = NO;
				ENABLE_RESOURCE_ACCESS_BLUETOOTH = NO;
				ENABLE_RESOURCE_ACCESS_CALENDARS = NO;
				ENABLE_RESOURCE_ACCESS_CAMERA = NO;
				ENABLE_RESOURCE_ACCESS_CONTACTS = NO;
				ENABLE_RESOURCE_ACCESS_LOCATION = NO;
				ENABLE_RESOURCE_ACCESS_PRINTING = NO;
				ENABLE_RESOURCE_ACCESS_USB = NO;
				ENABLE_USER_SELECTED_FILES = readwrite;
				GENERATE_INFOPLIST_FILE = YES;
				HEADER_SEARCH_PATHS = (
					"$(inherited)",
					"$(PROJECT_DIR)/Vendor/Artifacts/boost/include",
					"$(PROJECT_DIR)/Vendor/Artifacts/libtorrent/macos-arm64/include",
				);
				INFOPLIST_FILE = "Shatl-Info.plist";
				INFOPLIST_KEY_CFBundleDisplayName = Shatl;
				INFOPLIST_KEY_NSHumanReadableCopyright = "";
				LD_RUNPATH_SEARCH_PATHS = (
					"$(inherited)",
					"@executable_path/../Frameworks",
				);
				LIBRARY_SEARCH_PATHS = (
					"$(inherited)",
					"$(PROJECT_DIR)/Vendor/Artifacts/libtorrent/macos-arm64/lib",
					"$(PROJECT_DIR)/Vendor/Artifacts/openssl/macos-arm64/lib",
				);
				MARKETING_VERSION = 1.0;
				OTHER_LDFLAGS = (
					"$(inherited)",
					"-ltorrent-rasterbar",
					"-lssl",
					"-lcrypto",
					"-framework",
					CoreFoundation,
					"-framework",
					SystemConfiguration,
				);
				PRODUCT_BUNDLE_IDENTIFIER = mamontov.design.shatl;
				PRODUCT_NAME = "$(TARGET_NAME)";
				REGISTER_APP_GROUPS = YES;
				STRING_CATALOG_GENERATE_SYMBOLS = YES;
				SWIFT_APPROACHABLE_CONCURRENCY = YES;
				SWIFT_DEFAULT_ACTOR_ISOLATION = MainActor;
				SWIFT_EMIT_LOC_STRINGS = YES;
				SWIFT_OBJC_BRIDGING_HEADER = "Bridge/Shatl-Bridging-Header.h";
				SWIFT_UPCOMING_FEATURE_MEMBER_IMPORT_VISIBILITY = YES;
				SWIFT_VERSION = 5.0;
				SYSTEM_HEADER_SEARCH_PATHS = (
					"$(PROJECT_DIR)/Vendor/Artifacts/boost/include",
					"$(PROJECT_DIR)/Vendor/Artifacts/libtorrent/macos-arm64/include",
				);
			};
			name = Debug;
		};
		4FBD3B812F5EA8D0000486BA /* Release */ = {
			isa = XCBuildConfiguration;
			buildSettings = {
				ARCHS = arm64;
				ASSETCATALOG_COMPILER_APPICON_NAME = ShatlAppIcon;
				ASSETCATALOG_COMPILER_GLOBAL_ACCENT_COLOR_NAME = AccentColor;
				ASSETCATALOG_COMPILER_INCLUDE_ALL_APPICON_ASSETS = YES;
				"CODE_SIGN_IDENTITY[sdk=macosx*]" = "-";
				CODE_SIGN_STYLE = Automatic;
				COMBINE_HIDPI_IMAGES = YES;
				CURRENT_PROJECT_VERSION = 1;
				DEAD_CODE_STRIPPING = YES;
				ENABLE_APP_SANDBOX = NO;
				ENABLE_FILE_ACCESS_DOWNLOADS_FOLDER = readwrite;
				ENABLE_INCOMING_NETWORK_CONNECTIONS = YES;
				ENABLE_OUTGOING_NETWORK_CONNECTIONS = YES;
				ENABLE_PREVIEWS = YES;
				ENABLE_RESOURCE_ACCESS_AUDIO_INPUT = NO;
				ENABLE_RESOURCE_ACCESS_BLUETOOTH = NO;
				ENABLE_RESOURCE_ACCESS_CALENDARS = NO;
				ENABLE_RESOURCE_ACCESS_CAMERA = NO;
				ENABLE_RESOURCE_ACCESS_CONTACTS = NO;
				ENABLE_RESOURCE_ACCESS_LOCATION = NO;
				ENABLE_RESOURCE_ACCESS_PRINTING = NO;
				ENABLE_RESOURCE_ACCESS_USB = NO;
				ENABLE_USER_SELECTED_FILES = readwrite;
				GENERATE_INFOPLIST_FILE = YES;
				HEADER_SEARCH_PATHS = (
					"$(inherited)",
					"$(PROJECT_DIR)/Vendor/Artifacts/boost/include",
					"$(PROJECT_DIR)/Vendor/Artifacts/libtorrent/macos-arm64/include",
				);
				INFOPLIST_FILE = "Shatl-Info.plist";
				INFOPLIST_KEY_CFBundleDisplayName = Shatl;
				INFOPLIST_KEY_NSHumanReadableCopyright = "";
				LD_RUNPATH_SEARCH_PATHS = (
					"$(inherited)",
					"@executable_path/../Frameworks",
				);
				LIBRARY_SEARCH_PATHS = (
					"$(inherited)",
					"$(PROJECT_DIR)/Vendor/Artifacts/libtorrent/macos-arm64/lib",
					"$(PROJECT_DIR)/Vendor/Artifacts/openssl/macos-arm64/lib",
				);
				MARKETING_VERSION = 1.0;
				OTHER_LDFLAGS = (
					"$(inherited)",
					"-ltorrent-rasterbar",
					"-lssl",
					"-lcrypto",
					"-framework",
					CoreFoundation,
					"-framework",
					SystemConfiguration,
				);
				PRODUCT_BUNDLE_IDENTIFIER = mamontov.design.shatl;
				PRODUCT_NAME = "$(TARGET_NAME)";
				REGISTER_APP_GROUPS = YES;
				STRING_CATALOG_GENERATE_SYMBOLS = YES;
				SWIFT_APPROACHABLE_CONCURRENCY = YES;
				SWIFT_DEFAULT_ACTOR_ISOLATION = MainActor;
				SWIFT_EMIT_LOC_STRINGS = YES;
				SWIFT_OBJC_BRIDGING_HEADER = "Bridge/Shatl-Bridging-Header.h";
				SWIFT_UPCOMING_FEATURE_MEMBER_IMPORT_VISIBILITY = YES;
				SWIFT_VERSION = 5.0;
				SYSTEM_HEADER_SEARCH_PATHS = (
					"$(PROJECT_DIR)/Vendor/Artifacts/boost/include",
					"$(PROJECT_DIR)/Vendor/Artifacts/libtorrent/macos-arm64/include",
				);
			};
			name = Release;
		};
		50A0A001B4B3130000AAA009 /* Debug */ = {
			isa = XCBuildConfiguration;
			buildSettings = {
				ARCHS = arm64;
				BUNDLE_LOADER = "$(TEST_HOST)";
				"CODE_SIGN_IDENTITY[sdk=macosx*]" = "-";
				CODE_SIGN_STYLE = Automatic;
				CURRENT_PROJECT_VERSION = 1;
				GENERATE_INFOPLIST_FILE = YES;
				LD_RUNPATH_SEARCH_PATHS = (
					"$(inherited)",
					"@loader_path/../Frameworks",
					"@executable_path/../Frameworks",
				);
				MACOSX_DEPLOYMENT_TARGET = 26.0;
				PRODUCT_BUNDLE_IDENTIFIER = mamontov.design.shatl.tests;
				PRODUCT_NAME = "$(TARGET_NAME)";
				STRING_CATALOG_GENERATE_SYMBOLS = YES;
				SWIFT_APPROACHABLE_CONCURRENCY = YES;
				SWIFT_DEFAULT_ACTOR_ISOLATION = MainActor;
				SWIFT_EMIT_LOC_STRINGS = NO;
				SWIFT_VERSION = 5.0;
				TEST_HOST = "$(BUILT_PRODUCTS_DIR)/Shatl.app/Contents/MacOS/Shatl";
				TEST_TARGET_NAME = Shatl;
			};
			name = Debug;
		};
		50A0A001B4B3130000AAA00A /* Release */ = {
			isa = XCBuildConfiguration;
			buildSettings = {
				ARCHS = arm64;
				BUNDLE_LOADER = "$(TEST_HOST)";
				"CODE_SIGN_IDENTITY[sdk=macosx*]" = "-";
				CODE_SIGN_STYLE = Automatic;
				CURRENT_PROJECT_VERSION = 1;
				GENERATE_INFOPLIST_FILE = YES;
				LD_RUNPATH_SEARCH_PATHS = (
					"$(inherited)",
					"@loader_path/../Frameworks",
					"@executable_path/../Frameworks",
				);
				MACOSX_DEPLOYMENT_TARGET = 26.0;
				PRODUCT_BUNDLE_IDENTIFIER = mamontov.design.shatl.tests;
				PRODUCT_NAME = "$(TARGET_NAME)";
				STRING_CATALOG_GENERATE_SYMBOLS = YES;
				SWIFT_APPROACHABLE_CONCURRENCY = YES;
				SWIFT_DEFAULT_ACTOR_ISOLATION = MainActor;
				SWIFT_EMIT_LOC_STRINGS = NO;
				SWIFT_VERSION = 5.0;
				TEST_HOST = "$(BUILT_PRODUCTS_DIR)/Shatl.app/Contents/MacOS/Shatl";
				TEST_TARGET_NAME = Shatl;
			};
			name = Release;
		};
/* End XCBuildConfiguration section */

/* Begin XCConfigurationList section */
		4FBD3B6F2F5EA8CF000486BA /* Build configuration list for PBXProject "Shatl" */ = {
			isa = XCConfigurationList;
			buildConfigurations = (
				4FBD3B7D2F5EA8D0000486BA /* Debug */,
				4FBD3B7E2F5EA8D0000486BA /* Release */,
			);
			defaultConfigurationIsVisible = 0;
			defaultConfigurationName = Release;
		};
		4FBD3B7F2F5EA8D0000486BA /* Build configuration list for PBXNativeTarget "Shatl" */ = {
			isa = XCConfigurationList;
			buildConfigurations = (
				4FBD3B802F5EA8D0000486BA /* Debug */,
				4FBD3B812F5EA8D0000486BA /* Release */,
			);
			defaultConfigurationIsVisible = 0;
			defaultConfigurationName = Release;
		};
		50A0A001B4B3130000AAA00B /* Build configuration list for PBXNativeTarget "ShatlTests" */ = {
			isa = XCConfigurationList;
			buildConfigurations = (
				50A0A001B4B3130000AAA009 /* Debug */,
				50A0A001B4B3130000AAA00A /* Release */,
			);
			defaultConfigurationIsVisible = 0;
			defaultConfigurationName = Release;
		};
/* End XCConfigurationList section */

/* Begin XCRemoteSwiftPackageReference section */
		50B000022FF0000000000002 /* XCRemoteSwiftPackageReference "Sparkle" */ = {
			isa = XCRemoteSwiftPackageReference;
			repositoryURL = "https://github.com/sparkle-project/Sparkle";
			requirement = {
				kind = exactVersion;
				version = 2.9.2;
			};
		};
/* End XCRemoteSwiftPackageReference section */

/* Begin XCSwiftPackageProductDependency section */
		50B000032FF0000000000003 /* Sparkle */ = {
			isa = XCSwiftPackageProductDependency;
			package = 50B000022FF0000000000002 /* XCRemoteSwiftPackageReference "Sparkle" */;
			productName = Sparkle;
		};
/* End XCSwiftPackageProductDependency section */
	};
	rootObject = 4FBD3B6C2F5EA8CF000486BA /* Project object */;
}
